
Microsoft Visual Studio Solution File, Format Version 12.00
# Visual Studio Version 16
VisualStudioVersion = 16.0.31105.61
MinimumVisualStudioVersion = 10.0.40219.1
Project("{9A19103F-16F7-4668-BE54-9A1E7A4F7556}") = "fortask", "fortask\fortask.csproj", "{F1C31C87-776E-4D85-B8DC-9823A6BE5C9F}"
EndProject
Global
	GlobalSection(SolutionConfigurationPlatforms) = preSolution
		Debug|Any CPU = Debug|Any CPU
		Release|Any CPU = Release|Any CPU
	EndGlobalSection
	GlobalSection(ProjectConfigurationPlatforms) = postSolution
		{F1C31C87-776E-4D85-B8DC-9823A6BE5C9F}.Debug|Any CPU.ActiveCfg = Debug|Any CPU
		{F1C31C87-776E-4D85-B8DC-9823A6BE5C9F}.Debug|Any CPU.Build.0 = Debug|Any CPU
		{F1C31C87-776E-4D85-B8DC-9823A6BE5C9F}.Release|Any CPU.ActiveCfg = Release|Any CPU
		{F1C31C87-776E-4D85-B8DC-9823A6BE5C9F}.Release|Any CPU.Build.0 = Release|Any CPU
	EndGlobalSection
	GlobalSection(SolutionProperties) = preSolution
		HideSolutionNode = FALSE
	EndGlobalSection
	GlobalSection(ExtensibilityGlobals) = postSolution
		SolutionGuid = {E863C9B5-16A0-4A3D-9F71-9304FB63CADD}
	EndGlobalSection
EndGlobal
